
Microsoft Visual Studio Solution File, Format Version 12.00
# Visual Studio Version 16
VisualStudioVersion = 16.0.30320.27
MinimumVisualStudioVersion = 10.0.40219.1
Project("{9A19103F-16F7-4668-BE54-9A1E7A4F7556}") = "PremiumCalculator.API", "PremiumCalculator.API\PremiumCalculator.API.csproj", "{1669C66C-EC71-449A-BB38-C2EDA9F8D42F}"
EndProject
Project("{FAE04EC0-301F-11D3-BF4B-00C04F79EFBC}") = "PremiumCalculator.Common", "PremiumCalculator.Common\PremiumCalculator.Common.csproj", "{21B63589-8C54-4A28-8673-9058FDE78DE1}"
EndProject
Project("{FAE04EC0-301F-11D3-BF4B-00C04F79EFBC}") = "PremiumCalculator.DAL", "PremiumCalculator.DAL\PremiumCalculator.DAL.csproj", "{67FA0C9E-7E04-417B-B245-2E5F63F21012}"
EndProject
Global
	GlobalSection(SolutionConfigurationPlatforms) = preSolution
		Debug|Any CPU = Debug|Any CPU
		Release|Any CPU = Release|Any CPU
	EndGlobalSection
	GlobalSection(ProjectConfigurationPlatforms) = postSolution
		{1669C66C-EC71-449A-BB38-C2EDA9F8D42F}.Debug|Any CPU.ActiveCfg = Debug|Any CPU
		{1669C66C-EC71-449A-BB38-C2EDA9F8D42F}.Debug|Any CPU.Build.0 = Debug|Any CPU
		{1669C66C-EC71-449A-BB38-C2EDA9F8D42F}.Release|Any CPU.ActiveCfg = Release|Any CPU
		{1669C66C-EC71-449A-BB38-C2EDA9F8D42F}.Release|Any CPU.Build.0 = Release|Any CPU
		{21B63589-8C54-4A28-8673-9058FDE78DE1}.Debug|Any CPU.ActiveCfg = Debug|Any CPU
		{21B63589-8C54-4A28-8673-9058FDE78DE1}.Debug|Any CPU.Build.0 = Debug|Any CPU
		{21B63589-8C54-4A28-8673-9058FDE78DE1}.Release|Any CPU.ActiveCfg = Release|Any CPU
		{21B63589-8C54-4A28-8673-9058FDE78DE1}.Release|Any CPU.Build.0 = Release|Any CPU
		{67FA0C9E-7E04-417B-B245-2E5F63F21012}.Debug|Any CPU.ActiveCfg = Debug|Any CPU
		{67FA0C9E-7E04-417B-B245-2E5F63F21012}.Debug|Any CPU.Build.0 = Debug|Any CPU
		{67FA0C9E-7E04-417B-B245-2E5F63F21012}.Release|Any CPU.ActiveCfg = Release|Any CPU
		{67FA0C9E-7E04-417B-B245-2E5F63F21012}.Release|Any CPU.Build.0 = Release|Any CPU
	EndGlobalSection
	GlobalSection(SolutionProperties) = preSolution
		HideSolutionNode = FALSE
	EndGlobalSection
	GlobalSection(ExtensibilityGlobals) = postSolution
		SolutionGuid = {A614E5D9-23A3-42AF-9790-9469AAE261EA}
	EndGlobalSection
EndGlobal
